
Microsoft Visual Studio Solution File, Format Version 12.00
# Visual Studio Version 17
VisualStudioVersion = 17.4.33213.308
MinimumVisualStudioVersion = 10.0.40219.1
Project("{9A19103F-16F7-4668-BE54-9A1E7A4F7556}") = "ToDooo.UI", "ToDooo.UI\ToDooo.UI.csproj", "{FE39F6F3-D631-4B08-9FF9-321C786A6935}"
EndProject
Project("{FAE04EC0-301F-11D3-BF4B-00C04F79EFBC}") = "ToDooo.CommonAPI", "ToDooo.CommonAPI\ToDooo.CommonAPI.csproj", "{2BFCAFCA-5DC8-4CC3-B9BF-1CB51624792D}"
EndProject
Global
	GlobalSection(SolutionConfigurationPlatforms) = preSolution
		Debug|Any CPU = Debug|Any CPU
		Release|Any CPU = Release|Any CPU
	EndGlobalSection
	GlobalSection(ProjectConfigurationPlatforms) = postSolution
		{FE39F6F3-D631-4B08-9FF9-321C786A6935}.Debug|Any CPU.ActiveCfg = Debug|Any CPU
		{FE39F6F3-D631-4B08-9FF9-321C786A6935}.Debug|Any CPU.Build.0 = Debug|Any CPU
		{FE39F6F3-D631-4B08-9FF9-321C786A6935}.Release|Any CPU.ActiveCfg = Release|Any CPU
		{FE39F6F3-D631-4B08-9FF9-321C786A6935}.Release|Any CPU.Build.0 = Release|Any CPU
		{2BFCAFCA-5DC8-4CC3-B9BF-1CB51624792D}.Debug|Any CPU.ActiveCfg = Debug|Any CPU
		{2BFCAFCA-5DC8-4CC3-B9BF-1CB51624792D}.Debug|Any CPU.Build.0 = Debug|Any CPU
		{2BFCAFCA-5DC8-4CC3-B9BF-1CB51624792D}.Release|Any CPU.ActiveCfg = Release|Any CPU
		{2BFCAFCA-5DC8-4CC3-B9BF-1CB51624792D}.Release|Any CPU.Build.0 = Release|Any CPU
	EndGlobalSection
	GlobalSection(SolutionProperties) = preSolution
		HideSolutionNode = FALSE
	EndGlobalSection
	GlobalSection(ExtensibilityGlobals) = postSolution
		SolutionGuid = {70B61572-DCFB-41A6-BA96-DC69B925160B}
	EndGlobalSection
EndGlobal
